# THIS IS AN AUTOGENERATED FILE. DO NOT EDIT THIS FILE DIRECTLY.
# yarn lockfile v1


"@babel/code-frame@^7.10.4", "@babel/code-frame@^7.14.5":
  version "7.16.0"
  resolved "https://registry.yarnpkg.com/@babel/code-frame/-/code-frame-7.16.0.tgz#0dfc80309beec8411e65e706461c408b0bb9b431"
  integrity sha512-IF4EOMEV+bfYwOmNxGzSnjR2EmQod7f1UXOpZM3l4i4o4QNwzjtJAu/HxdjHq0aYBvdqMuQEY1eg0nqW9ZPORA==
  dependencies:
    "@babel/highlight" "^7.16.0"

"@babel/helper-validator-identifier@^7.15.7":
  version "7.15.7"
  resolved "https://registry.yarnpkg.com/@babel/helper-validator-identifier/-/helper-validator-identifier-7.15.7.tgz#220df993bfe904a4a6b02ab4f3385a5ebf6e2389"
  integrity sha512-K4JvCtQqad9OY2+yTU8w+E82ywk/fe+ELNlt1G8z3bVGlZfn/hOcQQsUhGhW/N+tb3fxK800wLtKOE/aM0m72w==

"@babel/highlight@^7.16.0":
  version "7.16.0"
  resolved "https://registry.yarnpkg.com/@babel/highlight/-/highlight-7.16.0.tgz#6ceb32b2ca4b8f5f361fb7fd821e3fddf4a1725a"
  integrity sha512-t8MH41kUQylBtu2+4IQA3atqevA2lRgqA2wyVB/YiWmsDSuylZZuXOUy9ric30hfzauEFfdsuk/eXTRrGrfd0g==
  dependencies:
    "@babel/helper-validator-identifier" "^7.15.7"
    chalk "^2.0.0"
    js-tokens "^4.0.0"

"@rollup/pluginutils@^4.1.1":
  version "4.1.1"
  resolved "https://registry.yarnpkg.com/@rollup/pluginutils/-/pluginutils-4.1.1.tgz#1d4da86dd4eded15656a57d933fda2b9a08d47ec"
  integrity sha512-clDjivHqWGXi7u+0d2r2sBi4Ie6VLEAzWMIkvJLnDmxoOhBYOTfzGbOQBA32THHm11/LiJbd01tJUpJsbshSWQ==
  dependencies:
    estree-walker "^2.0.1"
    picomatch "^2.2.2"

"@types/node@*", "@types/node@^16.11.7":
  version "16.11.7"
  resolved "https://registry.yarnpkg.com/@types/node/-/node-16.11.7.tgz#36820945061326978c42a01e56b61cd223dfdc42"
  integrity sha512-QB5D2sqfSjCmTuWcBWyJ+/44bcjO7VbjSbOE0ucoVbAsSNQc4Lt6QkgkVXkTDwkL4z/beecZNDvVX15D4P8Jbw==

ansi-styles@^3.2.1:
  version "3.2.1"
  resolved "https://registry.yarnpkg.com/ansi-styles/-/ansi-styles-3.2.1.tgz#41fbb20243e50b12be0f04b8dedbf07520ce841d"
  integrity sha512-VT0ZI6kZRdTh8YyJw3SMbYm/u+NqfsAxEpWO0Pf9sq8/e94WxxOpPKx9FR1FlyCtOVDNOQ+8ntlqFxiRc+r5qA==
  dependencies:
    color-convert "^1.9.0"

buffer-from@^1.0.0:
  version "1.1.2"
  resolved "https://registry.yarnpkg.com/buffer-from/-/buffer-from-1.1.2.tgz#2b146a6fd72e80b4f55d255f35ed59a3a9a41bd5"
  integrity sha512-E+XQCRwSbaaiChtv6k6Dwgc+bx+Bs6vuKJHHl5kox/BaKbhiXzqQOwK4cO22yElGp2OCmjwVhT3HmxgyPGnJfQ==

chalk@^2.0.0:
  version "2.4.2"
  resolved "https://registry.yarnpkg.com/chalk/-/chalk-2.4.2.tgz#cd42541677a54333cf541a49108c1432b44c9424"
  integrity sha512-Mti+f9lpJNcwF4tWV8/OrTTtF1gZi+f8FqlyAdouralcFWFQWF2+NgCHShjkCb+IFBLq9buZwE1xckQU4peSuQ==
  dependencies:
    ansi-styles "^3.2.1"
    escape-string-regexp "^1.0.5"
    supports-color "^5.3.0"

color-convert@^1.9.0:
  version "1.9.3"
  resolved "https://registry.yarnpkg.com/color-convert/-/color-convert-1.9.3.tgz#bb71850690e1f136567de629d2d5471deda4c1e8"
  integrity sha512-QfAUtd+vFdAtFQcC8CCyYt1fYWxSqAiK2cSD6zDB8N3cpsEBAvRxp9zOGg6G/SHHJYAT88/az/IuDGALsNVbGg==
  dependencies:
    color-name "1.1.3"

color-name@1.1.3:
  version "1.1.3"
  resolved "https://registry.yarnpkg.com/color-name/-/color-name-1.1.3.tgz#a7d0558bd89c42f795dd42328f740831ca53bc25"
  integrity sha1-p9BVi9icQveV3UIyj3QIMcpTvCU=

commander@^2.20.0:
  version "2.20.3"
  resolved "https://registry.yarnpkg.com/commander/-/commander-2.20.3.tgz#fd485e84c03eb4881c20722ba48035e8531aeb33"
  integrity sha512-GpVkmM8vF2vQUkj2LvZmD35JxeJOLCwJ9cUkugyk2nuhbv3+mJvpLYYt+0+USMxE+oj+ey/lJEnhZw75x/OMcQ==

esbuild-android-arm64@0.13.14:
  version "0.13.14"
  resolved "https://registry.yarnpkg.com/esbuild-android-arm64/-/esbuild-android-arm64-0.13.14.tgz#c85083ece26be3d67e6c720e088968a98409e023"
  integrity sha512-Q+Xhfp827r+ma8/DJgpMRUbDZfefsk13oePFEXEIJ4gxFbNv5+vyiYXYuKm43/+++EJXpnaYmEnu4hAKbAWYbA==

esbuild-android-arm64@0.13.15:
  version "0.13.15"
  resolved "https://registry.yarnpkg.com/esbuild-android-arm64/-/esbuild-android-arm64-0.13.15.tgz#3fc3ff0bab76fe35dd237476b5d2b32bb20a3d44"
  integrity sha512-m602nft/XXeO8YQPUDVoHfjyRVPdPgjyyXOxZ44MK/agewFFkPa8tUo6lAzSWh5Ui5PB4KR9UIFTSBKh/RrCmg==

esbuild-darwin-64@0.13.14:
  version "0.13.14"
  resolved "https://registry.yarnpkg.com/esbuild-darwin-64/-/esbuild-darwin-64-0.13.14.tgz#8e4e237ad847cc54a1d3a5caee26a746b9f0b81f"
  integrity sha512-YmOhRns6QBNSjpVdTahi/yZ8dscx9ai7a6OY6z5ACgOuQuaQ2Qk2qgJ0/siZ6LgD0gJFMV8UINFV5oky5TFNQQ==

esbuild-darwin-64@0.13.15:
  version "0.13.15"
  resolved "https://registry.yarnpkg.com/esbuild-darwin-64/-/esbuild-darwin-64-0.13.15.tgz#8e9169c16baf444eacec60d09b24d11b255a8e72"
  integrity sha512-ihOQRGs2yyp7t5bArCwnvn2Atr6X4axqPpEdCFPVp7iUj4cVSdisgvEKdNR7yH3JDjW6aQDw40iQFoTqejqxvQ==

esbuild-darwin-arm64@0.13.14:
  version "0.13.14"
  resolved "https://registry.yarnpkg.com/esbuild-darwin-arm64/-/esbuild-darwin-arm64-0.13.14.tgz#b3b5ebd40b2cb06ee0f6fb342dd4bdcca54ad273"
  integrity sha512-Lp00VTli2jqZghSa68fx3fEFCPsO1hK59RMo1PRap5RUjhf55OmaZTZYnCDI0FVlCtt+gBwX5qwFt4lc6tI1xg==

esbuild-darwin-arm64@0.13.15:
  version "0.13.15"
  resolved "https://registry.yarnpkg.com/esbuild-darwin-arm64/-/esbuild-darwin-arm64-0.13.15.tgz#1b07f893b632114f805e188ddfca41b2b778229a"
  integrity sha512-i1FZssTVxUqNlJ6cBTj5YQj4imWy3m49RZRnHhLpefFIh0To05ow9DTrXROTE1urGTQCloFUXTX8QfGJy1P8dQ==

esbuild-freebsd-64@0.13.14:
  version "0.13.14"
  resolved "https://registry.yarnpkg.com/esbuild-freebsd-64/-/esbuild-freebsd-64-0.13.14.tgz#175ecb2fa8141428cf70ea2d5f4c27534bad53e0"
  integrity sha512-BKosI3jtvTfnmsCW37B1TyxMUjkRWKqopR0CE9AF2ratdpkxdR24Vpe3gLKNyWiZ7BE96/SO5/YfhbPUzY8wKw==

esbuild-freebsd-64@0.13.15:
  version "0.13.15"
  resolved "https://registry.yarnpkg.com/esbuild-freebsd-64/-/esbuild-freebsd-64-0.13.15.tgz#0b8b7eca1690c8ec94c75680c38c07269c1f4a85"
  integrity sha512-G3dLBXUI6lC6Z09/x+WtXBXbOYQZ0E8TDBqvn7aMaOCzryJs8LyVXKY4CPnHFXZAbSwkCbqiPuSQ1+HhrNk7EA==

esbuild-freebsd-arm64@0.13.14:
  version "0.13.14"
  resolved "https://registry.yarnpkg.com/esbuild-freebsd-arm64/-/esbuild-freebsd-arm64-0.13.14.tgz#a7d64e41d1fa581f8db7775e5200f18e67d70c4d"
  integrity sha512-yd2uh0yf+fWv5114+SYTl4/1oDWtr4nN5Op+PGxAkMqHfYfLjFKpcxwCo/QOS/0NWqPVE8O41IYZlFhbEN2B8Q==

esbuild-freebsd-arm64@0.13.15:
  version "0.13.15"
  resolved "https://registry.yarnpkg.com/esbuild-freebsd-arm64/-/esbuild-freebsd-arm64-0.13.15.tgz#2e1a6c696bfdcd20a99578b76350b41db1934e52"
  integrity sha512-KJx0fzEDf1uhNOZQStV4ujg30WlnwqUASaGSFPhznLM/bbheu9HhqZ6mJJZM32lkyfGJikw0jg7v3S0oAvtvQQ==

esbuild-linux-32@0.13.14:
  version "0.13.14"
  resolved "https://registry.yarnpkg.com/esbuild-linux-32/-/esbuild-linux-32-0.13.14.tgz#14bdd4f6b6cfd35c65c835894651ba335c2117da"
  integrity sha512-a8rOnS1oWSfkkYWXoD2yXNV4BdbDKA7PNVQ1klqkY9SoSApL7io66w5H44mTLsfyw7G6Z2vLlaLI2nz9MMAowA==

esbuild-linux-32@0.13.15:
  version "0.13.15"
  resolved "https://registry.yarnpkg.com/esbuild-linux-32/-/esbuild-linux-32-0.13.15.tgz#6fd39f36fc66dd45b6b5f515728c7bbebc342a69"
  integrity sha512-ZvTBPk0YWCLMCXiFmD5EUtB30zIPvC5Itxz0mdTu/xZBbbHJftQgLWY49wEPSn2T/TxahYCRDWun5smRa0Tu+g==

esbuild-linux-64@0.13.14:
  version "0.13.14"
  resolved "https://registry.yarnpkg.com/esbuild-linux-64/-/esbuild-linux-64-0.13.14.tgz#7fd56851b2982fdd0cd8447ee9858c2c5711708a"
  integrity sha512-yPZSoMs9W2MC3Dw+6kflKt5FfQm6Dicex9dGIr1OlHRsn3Hm7yGMUTctlkW53KknnZdOdcdd5upxvbxqymczVQ==

esbuild-linux-64@0.13.15:
  version "0.13.15"
  resolved "https://registry.yarnpkg.com/esbuild-linux-64/-/esbuild-linux-64-0.13.15.tgz#9cb8e4bcd7574e67946e4ee5f1f1e12386bb6dd3"
  integrity sha512-eCKzkNSLywNeQTRBxJRQ0jxRCl2YWdMB3+PkWFo2BBQYC5mISLIVIjThNtn6HUNqua1pnvgP5xX0nHbZbPj5oA==

esbuild-linux-arm64@0.13.14:
  version "0.13.14"
  resolved "https://registry.yarnpkg.com/esbuild-linux-arm64/-/esbuild-linux-arm64-0.13.14.tgz#a55634d70679ba509adeafd68eebb9fd1ec5af6c"
  integrity sha512-Lvo391ln9PzC334e+jJ2S0Rt0cxP47eoH5gFyv/E8HhOnEJTvm7A+RRnMjjHnejELacTTfYgFGQYPjLsi/jObQ==

esbuild-linux-arm64@0.13.15:
  version "0.13.15"
  resolved "https://registry.yarnpkg.com/esbuild-linux-arm64/-/esbuild-linux-arm64-0.13.15.tgz#3891aa3704ec579a1b92d2a586122e5b6a2bfba1"
  integrity sha512-bYpuUlN6qYU9slzr/ltyLTR9YTBS7qUDymO8SV7kjeNext61OdmqFAzuVZom+OLW1HPHseBfJ/JfdSlx8oTUoA==

esbuild-linux-arm@0.13.14:
  version "0.13.14"
  resolved "https://registry.yarnpkg.com/esbuild-linux-arm/-/esbuild-linux-arm-0.13.14.tgz#bb96a99677e608b31ff61f37564326d38e846ca2"
  integrity sha512-8chZE4pkKRvJ/M/iwsNQ1KqsRg2RyU5eT/x2flNt/f8F2TVrDreR7I0HEeCR50wLla3B1C3wTIOzQBmjuc6uWg==

esbuild-linux-arm@0.13.15:
  version "0.13.15"
  resolved "https://registry.yarnpkg.com/esbuild-linux-arm/-/esbuild-linux-arm-0.13.15.tgz#8a00e99e6a0c6c9a6b7f334841364d8a2b4aecfe"
  integrity sha512-wUHttDi/ol0tD8ZgUMDH8Ef7IbDX+/UsWJOXaAyTdkT7Yy9ZBqPg8bgB/Dn3CZ9SBpNieozrPRHm0BGww7W/jA==

esbuild-linux-mips64le@0.13.14:
  version "0.13.14"
  resolved "https://registry.yarnpkg.com/esbuild-linux-mips64le/-/esbuild-linux-mips64le-0.13.14.tgz#6a55362a8fd1e593dea2ecc41877beed8b8184b9"
  integrity sha512-MZhgxbmrWbpY3TOE029O6l5tokG9+Yoj2hW7vdit/d/VnmneqeGrSHADuDL6qXM8L5jaCiaivb4VhsyVCpdAbQ==

esbuild-linux-mips64le@0.13.15:
  version "0.13.15"
  resolved "https://registry.yarnpkg.com/esbuild-linux-mips64le/-/esbuild-linux-mips64le-0.13.15.tgz#36b07cc47c3d21e48db3bb1f4d9ef8f46aead4f7"
  integrity sha512-KlVjIG828uFPyJkO/8gKwy9RbXhCEUeFsCGOJBepUlpa7G8/SeZgncUEz/tOOUJTcWMTmFMtdd3GElGyAtbSWg==

esbuild-linux-ppc64le@0.13.14:
  version "0.13.14"
  resolved "https://registry.yarnpkg.com/esbuild-linux-ppc64le/-/esbuild-linux-ppc64le-0.13.14.tgz#9e0048587ece0a7f184ab147f20d077098045e7f"
  integrity sha512-un7KMwS7fX1Un6BjfSZxTT8L5cV/8Uf4SAhM7WYy2XF8o8TI+uRxxD03svZnRNIPsN2J5cl6qV4n7Iwz+yhhVw==

esbuild-linux-ppc64le@0.13.15:
  version "0.13.15"
  resolved "https://registry.yarnpkg.com/esbuild-linux-ppc64le/-/esbuild-linux-ppc64le-0.13.15.tgz#f7e6bba40b9a11eb9dcae5b01550ea04670edad2"
  integrity sha512-h6gYF+OsaqEuBjeesTBtUPw0bmiDu7eAeuc2OEH9S6mV9/jPhPdhOWzdeshb0BskRZxPhxPOjqZ+/OqLcxQwEQ==

esbuild-netbsd-64@0.13.14:
  version "0.13.14"
  resolved "https://registry.yarnpkg.com/esbuild-netbsd-64/-/esbuild-netbsd-64-0.13.14.tgz#dcab16a4bbcfa16e2e8535dadc5f64fdc891c63b"
  integrity sha512-5ekKx/YbOmmlTeNxBjh38Uh5TGn5C4uyqN17i67k18pS3J+U2hTVD7rCxcFcRS1AjNWumkVL3jWqYXadFwMS0Q==

esbuild-netbsd-64@0.13.15:
  version "0.13.15"
  resolved "https://registry.yarnpkg.com/esbuild-netbsd-64/-/esbuild-netbsd-64-0.13.15.tgz#a2fedc549c2b629d580a732d840712b08d440038"
  integrity sha512-3+yE9emwoevLMyvu+iR3rsa+Xwhie7ZEHMGDQ6dkqP/ndFzRHkobHUKTe+NCApSqG5ce2z4rFu+NX/UHnxlh3w==

esbuild-openbsd-64@0.13.14:
  version "0.13.14"
  resolved "https://registry.yarnpkg.com/esbuild-openbsd-64/-/esbuild-openbsd-64-0.13.14.tgz#3c7453b155ebb68dc34d5aec3bd6505337bdda08"
  integrity sha512-9bzvwewHjct2Cv5XcVoE1yW5YTW12Sk838EYfA46abgnhxGoFSD1mFcaztp5HHC43AsF+hQxbSFG/RilONARUA==

esbuild-openbsd-64@0.13.15:
  version "0.13.15"
  resolved "https://registry.yarnpkg.com/esbuild-openbsd-64/-/esbuild-openbsd-64-0.13.15.tgz#b22c0e5806d3a1fbf0325872037f885306b05cd7"
  integrity sha512-wTfvtwYJYAFL1fSs8yHIdf5GEE4NkbtbXtjLWjM3Cw8mmQKqsg8kTiqJ9NJQe5NX/5Qlo7Xd9r1yKMMkHllp5g==

esbuild-sunos-64@0.13.14:
  version "0.13.14"
  resolved "https://registry.yarnpkg.com/esbuild-sunos-64/-/esbuild-sunos-64-0.13.14.tgz#85addf5fef6b5db154a955d4f2e88953359d75ce"
  integrity sha512-mjMrZB76M6FmoiTvj/RGWilrioR7gVwtFBRVugr9qLarXMIU1W/pQx+ieEOtflrW61xo8w1fcxyHsVVGRvoQ0w==

esbuild-sunos-64@0.13.15:
  version "0.13.15"
  resolved "https://registry.yarnpkg.com/esbuild-sunos-64/-/esbuild-sunos-64-0.13.15.tgz#d0b6454a88375ee8d3964daeff55c85c91c7cef4"
  integrity sha512-lbivT9Bx3t1iWWrSnGyBP9ODriEvWDRiweAs69vI+miJoeKwHWOComSRukttbuzjZ8r1q0mQJ8Z7yUsDJ3hKdw==

esbuild-windows-32@0.13.14:
  version "0.13.14"
  resolved "https://registry.yarnpkg.com/esbuild-windows-32/-/esbuild-windows-32-0.13.14.tgz#f77f98f30a5c636c44db2428ecdf9bcbbaedb1a7"
  integrity sha512-GZa6mrx2rgfbH/5uHg0Rdw50TuOKbdoKCpEBitzmG5tsXBdce+cOL+iFO5joZc6fDVCLW3Y6tjxmSXRk/v20Hg==

esbuild-windows-32@0.13.15:
  version "0.13.15"
  resolved "https://registry.yarnpkg.com/esbuild-windows-32/-/esbuild-windows-32-0.13.15.tgz#c96d0b9bbb52f3303322582ef8e4847c5ad375a7"
  integrity sha512-fDMEf2g3SsJ599MBr50cY5ve5lP1wyVwTe6aLJsM01KtxyKkB4UT+fc5MXQFn3RLrAIAZOG+tHC+yXObpSn7Nw==

esbuild-windows-64@0.13.14:
  version "0.13.14"
  resolved "https://registry.yarnpkg.com/esbuild-windows-64/-/esbuild-windows-64-0.13.14.tgz#bc778674c40d65150d12385e0f23eb3a0badbd0d"
  integrity sha512-Lsgqah24bT7ClHjLp/Pj3A9wxjhIAJyWQcrOV4jqXAFikmrp2CspA8IkJgw7HFjx6QrJuhpcKVbCAe/xw0i2yw==

esbuild-windows-64@0.13.15:
  version "0.13.15"
  resolved "https://registry.yarnpkg.com/esbuild-windows-64/-/esbuild-windows-64-0.13.15.tgz#1f79cb9b1e1bb02fb25cd414cb90d4ea2892c294"
  integrity sha512-9aMsPRGDWCd3bGjUIKG/ZOJPKsiztlxl/Q3C1XDswO6eNX/Jtwu4M+jb6YDH9hRSUflQWX0XKAfWzgy5Wk54JQ==

esbuild-windows-arm64@0.13.14:
  version "0.13.14"
  resolved "https://registry.yarnpkg.com/esbuild-windows-arm64/-/esbuild-windows-arm64-0.13.14.tgz#91a8dad35ab2c4dd27cd83860742955b25a354d7"
  integrity sha512-KP8FHVlWGhM7nzYtURsGnskXb/cBCPTfj0gOKfjKq2tHtYnhDZywsUG57nk7TKhhK0fL11LcejHG3LRW9RF/9A==

esbuild-windows-arm64@0.13.15:
  version "0.13.15"
  resolved "https://registry.yarnpkg.com/esbuild-windows-arm64/-/esbuild-windows-arm64-0.13.15.tgz#482173070810df22a752c686509c370c3be3b3c3"
  integrity sha512-zzvyCVVpbwQQATaf3IG8mu1IwGEiDxKkYUdA4FpoCHi1KtPa13jeScYDjlW0Qh+ebWzpKfR2ZwvqAQkSWNcKjA==

esbuild@^0.13.14:
  version "0.13.14"
  resolved "https://registry.yarnpkg.com/esbuild/-/esbuild-0.13.14.tgz#98a3f7f42809abdc2b57c84565d0f713382dc1a5"
  integrity sha512-xu4D+1ji9x53ocuomcY+KOrwAnWzhBu/wTEjpdgZ8I1c8i5vboYIeigMdzgY1UowYBKa2vZgVgUB32bu7gkxeg==
  optionalDependencies:
    esbuild-android-arm64 "0.13.14"
    esbuild-darwin-64 "0.13.14"
    esbuild-darwin-arm64 "0.13.14"
    esbuild-freebsd-64 "0.13.14"
    esbuild-freebsd-arm64 "0.13.14"
    esbuild-linux-32 "0.13.14"
    esbuild-linux-64 "0.13.14"
    esbuild-linux-arm "0.13.14"
    esbuild-linux-arm64 "0.13.14"
    esbuild-linux-mips64le "0.13.14"
    esbuild-linux-ppc64le "0.13.14"
    esbuild-netbsd-64 "0.13.14"
    esbuild-openbsd-64 "0.13.14"
    esbuild-sunos-64 "0.13.14"
    esbuild-windows-32 "0.13.14"
    esbuild-windows-64 "0.13.14"
    esbuild-windows-arm64 "0.13.14"

esbuild@^0.13.2:
  version "0.13.15"
  resolved "https://registry.yarnpkg.com/esbuild/-/esbuild-0.13.15.tgz#db56a88166ee373f87dbb2d8798ff449e0450cdf"
  integrity sha512-raCxt02HBKv8RJxE8vkTSCXGIyKHdEdGfUmiYb8wnabnaEmHzyW7DCHb5tEN0xU8ryqg5xw54mcwnYkC4x3AIw==
  optionalDependencies:
    esbuild-android-arm64 "0.13.15"
    esbuild-darwin-64 "0.13.15"
    esbuild-darwin-arm64 "0.13.15"
    esbuild-freebsd-64 "0.13.15"
    esbuild-freebsd-arm64 "0.13.15"
    esbuild-linux-32 "0.13.15"
    esbuild-linux-64 "0.13.15"
    esbuild-linux-arm "0.13.15"
    esbuild-linux-arm64 "0.13.15"
    esbuild-linux-mips64le "0.13.15"
    esbuild-linux-ppc64le "0.13.15"
    esbuild-netbsd-64 "0.13.15"
    esbuild-openbsd-64 "0.13.15"
    esbuild-sunos-64 "0.13.15"
    esbuild-windows-32 "0.13.15"
    esbuild-windows-64 "0.13.15"
    esbuild-windows-arm64 "0.13.15"

escape-string-regexp@^1.0.5:
  version "1.0.5"
  resolved "https://registry.yarnpkg.com/escape-string-regexp/-/escape-string-regexp-1.0.5.tgz#1b61c0562190a8dff6ae3bb2cf0200ca130b86d4"
  integrity sha1-G2HAViGQqN/2rjuyzwIAyhMLhtQ=

estree-walker@^2.0.1:
  version "2.0.2"
  resolved "https://registry.yarnpkg.com/estree-walker/-/estree-walker-2.0.2.tgz#52f010178c2a4c117a7757cfe942adb7d2da4cac"
  integrity sha512-Rfkk/Mp/DL7JVje3u18FxFujQlTNR2q6QfMSMB7AvCBx91NGj/ba3kCfza0f6dVDbw7YlRf/nDrn7pQrCCyQ/w==

fsevents@~2.3.2:
  version "2.3.2"
  resolved "https://registry.yarnpkg.com/fsevents/-/fsevents-2.3.2.tgz#8a526f78b8fdf4623b709e0b975c52c24c02fd1a"
  integrity sha512-xiqMQR4xAeHTuB9uWm+fFRcIOgKBMiOBP+eXiyT7jsgVCq1bkVygt00oASowB7EdtpOHaaPgKt812P9ab+DDKA==

function-bind@^1.1.1:
  version "1.1.1"
  resolved "https://registry.yarnpkg.com/function-bind/-/function-bind-1.1.1.tgz#a56899d3ea3c9bab874bb9773b7c5ede92f4895d"
  integrity sha512-yIovAzMX49sF8Yl58fSCWJ5svSLuaibPxXQJFLmBObTuCr0Mf1KiPopGM9NiFjiYBCbfaa2Fh6breQ6ANVTI0A==

has-flag@^3.0.0:
  version "3.0.0"
  resolved "https://registry.yarnpkg.com/has-flag/-/has-flag-3.0.0.tgz#b5d454dc2199ae225699f3467e5a07f3b955bafd"
  integrity sha1-tdRU3CGZriJWmfNGfloH87lVuv0=

has-flag@^4.0.0:
  version "4.0.0"
  resolved "https://registry.yarnpkg.com/has-flag/-/has-flag-4.0.0.tgz#944771fd9c81c81265c4d6941860da06bb59479b"
  integrity sha512-EykJT/Q1KjTWctppgIAgfSO0tKVuZUjhgMr17kqTumMl6Afv3EISleU7qZUzoXDFTAHTDC4NOoG/ZxU3EvlMPQ==

has@^1.0.3:
  version "1.0.3"
  resolved "https://registry.yarnpkg.com/has/-/has-1.0.3.tgz#722d7cbfc1f6aa8241f16dd814e011e1f41e8796"
  integrity sha512-f2dvO0VU6Oej7RkWJGrehjbzMAjFp5/VKPp5tTpWIV4JHHZK1/BxbFRtf/siA2SWTe09caDmVtYYzWEIbBS4zw==
  dependencies:
    function-bind "^1.1.1"

is-core-module@^2.2.0:
  version "2.8.0"
  resolved "https://registry.yarnpkg.com/is-core-module/-/is-core-module-2.8.0.tgz#0321336c3d0925e497fd97f5d95cb114a5ccd548"
  integrity sha512-vd15qHsaqrRL7dtH6QNuy0ndJmRDrS9HAM1CAiSifNUFv4x1a0CCVsj18hJ1mShxIG6T2i1sO78MkP56r0nYRw==
  dependencies:
    has "^1.0.3"

jest-worker@^26.2.1:
  version "26.6.2"
  resolved "https://registry.yarnpkg.com/jest-worker/-/jest-worker-26.6.2.tgz#7f72cbc4d643c365e27b9fd775f9d0eaa9c7a8ed"
  integrity sha512-KWYVV1c4i+jbMpaBC+U++4Va0cp8OisU185o73T1vo99hqi7w8tSJfUXYswwqqrjzwxa6KpRK54WhPvwf5w6PQ==
  dependencies:
    "@types/node" "*"
    merge-stream "^2.0.0"
    supports-color "^7.0.0"

joycon@^3.0.1:
  version "3.0.1"
  resolved "https://registry.yarnpkg.com/joycon/-/joycon-3.0.1.tgz#9074c9b08ccf37a6726ff74a18485f85efcaddaf"
  integrity sha512-SJcJNBg32dGgxhPtM0wQqxqV0ax9k/9TaUskGDSJkSFSQOEWWvQ3zzWdGQRIUry2j1zA5+ReH13t0Mf3StuVZA==

js-tokens@^4.0.0:
  version "4.0.0"
  resolved "https://registry.yarnpkg.com/js-tokens/-/js-tokens-4.0.0.tgz#19203fb59991df98e3a287050d4647cdeaf32499"
  integrity sha512-RdJUflcE3cUzKiMqQgsCu06FPu9UdIJO0beYbPhHN4k6apgJtifcoCtT9bcxOpYBtpD2kCM6Sbzg4CausW/PKQ==

jsonc-parser@^3.0.0:
  version "3.0.0"
  resolved "https://registry.yarnpkg.com/jsonc-parser/-/jsonc-parser-3.0.0.tgz#abdd785701c7e7eaca8a9ec8cf070ca51a745a22"
  integrity sha512-fQzRfAbIBnR0IQvftw9FJveWiHp72Fg20giDrHz6TdfB12UH/uue0D3hm57UB5KgAVuniLMCaS8P1IMj9NR7cA==

magic-string@^0.25.7:
  version "0.25.7"
  resolved "https://registry.yarnpkg.com/magic-string/-/magic-string-0.25.7.tgz#3f497d6fd34c669c6798dcb821f2ef31f5445051"
  integrity sha512-4CrMT5DOHTDk4HYDlzmwu4FVCcIYI8gauveasrdCu2IKIFOJ3f0v/8MDGJCDL9oD2ppz/Av1b0Nj345H9M+XIA==
  dependencies:
    sourcemap-codec "^1.4.4"

merge-stream@^2.0.0:
  version "2.0.0"
  resolved "https://registry.yarnpkg.com/merge-stream/-/merge-stream-2.0.0.tgz#52823629a14dd00c9770fb6ad47dc6310f2c1f60"
  integrity sha512-abv/qOcuPfk3URPfDzmZU1LKmuw8kT+0nIHvKrKgFrwifol/doWcdA4ZqsWQ8ENrFKkd67Mfpo/LovbIUsbt3w==

nanoid@^3.1.30:
  version "3.1.30"
  resolved "https://registry.yarnpkg.com/nanoid/-/nanoid-3.1.30.tgz#63f93cc548d2a113dc5dfbc63bfa09e2b9b64362"
  integrity sha512-zJpuPDwOv8D2zq2WRoMe1HsfZthVewpel9CAvTfc/2mBD1uUT/agc5f7GHGWXlYkFvi1mVxe4IjvP2HNrop7nQ==

path-parse@^1.0.6:
  version "1.0.7"
  resolved "https://registry.yarnpkg.com/path-parse/-/path-parse-1.0.7.tgz#fbc114b60ca42b30d9daf5858e4bd68bbedb6735"
  integrity sha512-LDJzPVEEEPR+y48z93A0Ed0yXb8pAByGWo/k5YYdYgpY2/2EsOsksJrq7lOHxryrVOn1ejG6oAp8ahvOIQD8sw==

picocolors@^1.0.0:
  version "1.0.0"
  resolved "https://registry.yarnpkg.com/picocolors/-/picocolors-1.0.0.tgz#cb5bdc74ff3f51892236eaf79d68bc44564ab81c"
  integrity sha512-1fygroTLlHu66zi26VoTDv8yRgm0Fccecssto+MhsZ0D/DGW2sm8E8AjW7NU5VVTRt5GxbeZ5qBuJr+HyLYkjQ==

picomatch@^2.2.2:
  version "2.3.0"
  resolved "https://registry.yarnpkg.com/picomatch/-/picomatch-2.3.0.tgz#f1f061de8f6a4bf022892e2d128234fb98302972"
  integrity sha512-lY1Q/PiJGC2zOv/z391WOTD+Z02bCgsFfvxoXXf6h7kv9o+WmsmzYqrAwY63sNgOxE4xEdq0WyUnXfKeBrSvYw==

postcss@^8.3.8:
  version "8.4.4"
  resolved "https://registry.yarnpkg.com/postcss/-/postcss-8.4.4.tgz#d53d4ec6a75fd62557a66bb41978bf47ff0c2869"
  integrity sha512-joU6fBsN6EIer28Lj6GDFoC/5yOZzLCfn0zHAn/MYXI7aPt4m4hK5KC5ovEZXy+lnCjmYIbQWngvju2ddyEr8Q==
  dependencies:
    nanoid "^3.1.30"
    picocolors "^1.0.0"
    source-map-js "^1.0.1"

prettier@^2.5.1:
  version "2.5.1"
  resolved "https://registry.yarnpkg.com/prettier/-/prettier-2.5.1.tgz#fff75fa9d519c54cf0fce328c1017d94546bc56a"
  integrity sha512-vBZcPRUR5MZJwoyi3ZoyQlc1rXeEck8KgeC9AwwOn+exuxLxq5toTRDTSaVrXHxelDMHy9zlicw8u66yxoSUFg==

randombytes@^2.1.0:
  version "2.1.0"
  resolved "https://registry.yarnpkg.com/randombytes/-/randombytes-2.1.0.tgz#df6f84372f0270dc65cdf6291349ab7a473d4f2a"
  integrity sha512-vYl3iOX+4CKUWuxGi9Ukhie6fsqXqS9FE2Zaic4tNFD2N2QQaXOMFbuKK4QmDHC0JO6B1Zp41J0LpT0oR68amQ==
  dependencies:
    safe-buffer "^5.1.0"

resolve@^1.20.0:
  version "1.20.0"
  resolved "https://registry.yarnpkg.com/resolve/-/resolve-1.20.0.tgz#629a013fb3f70755d6f0b7935cc1c2c5378b1975"
  integrity sha512-wENBPt4ySzg4ybFQW2TT1zMQucPK95HSh/nq2CFTZVOGut2+pQvSsgtda4d26YrYcr067wjbmzOG8byDPBX63A==
  dependencies:
    is-core-module "^2.2.0"
    path-parse "^1.0.6"

rollup-plugin-dts@^4.0.1:
  version "4.0.1"
  resolved "https://registry.yarnpkg.com/rollup-plugin-dts/-/rollup-plugin-dts-4.0.1.tgz#930cbd5aaaa64a55e895ecd6ae8234e1a5467710"
  integrity sha512-DNv5F8pro/r0Hkx3JWKRtJZocDnqXfgypoajeiaNq134rYaFcEIl/oas5PogD1qexMadVijsHyVko1Chig0OOQ==
  dependencies:
    magic-string "^0.25.7"
  optionalDependencies:
    "@babel/code-frame" "^7.14.5"

rollup-plugin-esbuild@^4.7.0:
  version "4.7.0"
  resolved "https://registry.yarnpkg.com/rollup-plugin-esbuild/-/rollup-plugin-esbuild-4.7.0.tgz#bc91985f6329bcc1413303780ee660c726150500"
  integrity sha512-5lh/DcpYIhSiVihIuZYBHU4Zic8GuCe0924lHLjaGcWiG+RwCoOMMUxwj6idQhN38EVP/diR/OTiq4gmt5f1vA==
  dependencies:
    "@rollup/pluginutils" "^4.1.1"
    joycon "^3.0.1"
    jsonc-parser "^3.0.0"

rollup-plugin-terser@^7.0.2:
  version "7.0.2"
  resolved "https://registry.yarnpkg.com/rollup-plugin-terser/-/rollup-plugin-terser-7.0.2.tgz#e8fbba4869981b2dc35ae7e8a502d5c6c04d324d"
  integrity sha512-w3iIaU4OxcF52UUXiZNsNeuXIMDvFrr+ZXK6bFZ0Q60qyVfq4uLptoS4bbq3paG3x216eQllFZX7zt6TIImguQ==
  dependencies:
    "@babel/code-frame" "^7.10.4"
    jest-worker "^26.2.1"
    serialize-javascript "^4.0.0"
    terser "^5.0.0"

rollup@^2.57.0:
  version "2.60.2"
  resolved "https://registry.yarnpkg.com/rollup/-/rollup-2.60.2.tgz#3f45ace36a9b10b4297181831ea0719922513463"
  integrity sha512-1Bgjpq61sPjgoZzuiDSGvbI1tD91giZABgjCQBKM5aYLnzjq52GoDuWVwT/cm/MCxCMPU8gqQvkj8doQ5C8Oqw==
  optionalDependencies:
    fsevents "~2.3.2"

rollup@^2.60.0:
  version "2.60.0"
  resolved "https://registry.yarnpkg.com/rollup/-/rollup-2.60.0.tgz#4ee60ab7bdd0356763f87d7099f413e5460fc193"
  integrity sha512-cHdv9GWd58v58rdseC8e8XIaPUo8a9cgZpnCMMDGZFDZKEODOiPPEQFXLriWr/TjXzhPPmG5bkAztPsOARIcGQ==
  optionalDependencies:
    fsevents "~2.3.2"

safe-buffer@^5.1.0:
  version "5.2.1"
  resolved "https://registry.yarnpkg.com/safe-buffer/-/safe-buffer-5.2.1.tgz#1eaf9fa9bdb1fdd4ec75f58f9cdb4e6b7827eec6"
  integrity sha512-rp3So07KcdmmKbGvgaNxQSJr7bGVSVk5S9Eq1F+ppbRo70+YeaDxkw5Dd8NPN+GD6bjnYm2VuPuCXmpuYvmCXQ==

serialize-javascript@^4.0.0:
  version "4.0.0"
  resolved "https://registry.yarnpkg.com/serialize-javascript/-/serialize-javascript-4.0.0.tgz#b525e1238489a5ecfc42afacc3fe99e666f4b1aa"
  integrity sha512-GaNA54380uFefWghODBWEGisLZFj00nS5ACs6yHa9nLqlLpVLO8ChDGeKRjZnV4Nh4n0Qi7nhYZD/9fCPzEqkw==
  dependencies:
    randombytes "^2.1.0"

source-map-js@^1.0.1:
  version "1.0.1"
  resolved "https://registry.yarnpkg.com/source-map-js/-/source-map-js-1.0.1.tgz#a1741c131e3c77d048252adfa24e23b908670caf"
  integrity sha512-4+TN2b3tqOCd/kaGRJ/sTYA0tR0mdXx26ipdolxcwtJVqEnqNYvlCAt1q3ypy4QMlYus+Zh34RNtYLoq2oQ4IA==

source-map-support@~0.5.20:
  version "0.5.20"
  resolved "https://registry.yarnpkg.com/source-map-support/-/source-map-support-0.5.20.tgz#12166089f8f5e5e8c56926b377633392dd2cb6c9"
  integrity sha512-n1lZZ8Ve4ksRqizaBQgxXDgKwttHDhyfQjA6YZZn8+AroHbsIz+JjwxQDxbp+7y5OYCI8t1Yk7etjD9CRd2hIw==
  dependencies:
    buffer-from "^1.0.0"
    source-map "^0.6.0"

source-map@^0.6.0:
  version "0.6.1"
  resolved "https://registry.yarnpkg.com/source-map/-/source-map-0.6.1.tgz#74722af32e9614e9c287a8d0bbde48b5e2f1a263"
  integrity sha512-UjgapumWlbMhkBgzT7Ykc5YXUT46F0iKu8SGXq0bcwP5dz/h0Plj6enJqjz1Zbq2l5WaqYnrVbwWOWMyF3F47g==

source-map@~0.7.2:
  version "0.7.3"
  resolved "https://registry.yarnpkg.com/source-map/-/source-map-0.7.3.tgz#5302f8169031735226544092e64981f751750383"
  integrity sha512-CkCj6giN3S+n9qrYiBTX5gystlENnRW5jZeNLHpe6aue+SrHcG5VYwujhW9s4dY31mEGsxBDrHR6oI69fTXsaQ==

sourcemap-codec@^1.4.4:
  version "1.4.8"
  resolved "https://registry.yarnpkg.com/sourcemap-codec/-/sourcemap-codec-1.4.8.tgz#ea804bd94857402e6992d05a38ef1ae35a9ab4c4"
  integrity sha512-9NykojV5Uih4lgo5So5dtw+f0JgJX30KCNI8gwhz2J9A15wD0Ml6tjHKwf6fTSa6fAdVBdZeNOs9eJ71qCk8vA==

supports-color@^5.3.0:
  version "5.5.0"
  resolved "https://registry.yarnpkg.com/supports-color/-/supports-color-5.5.0.tgz#e2e69a44ac8772f78a1ec0b35b689df6530efc8f"
  integrity sha512-QjVjwdXIt408MIiAqCX4oUKsgU2EqAGzs2Ppkm4aQYbjm+ZEWEcW4SfFNTr4uMNZma0ey4f5lgLrkB0aX0QMow==
  dependencies:
    has-flag "^3.0.0"

supports-color@^7.0.0:
  version "7.2.0"
  resolved "https://registry.yarnpkg.com/supports-color/-/supports-color-7.2.0.tgz#1b7dcdcb32b8138801b3e478ba6a51caa89648da"
  integrity sha512-qpCAvRl9stuOHveKsn7HncJRvv501qIacKzQlO/+Lwxc9+0q2wLyv4Dfvt80/DPn2pqOBsJdDiogXGR9+OvwRw==
  dependencies:
    has-flag "^4.0.0"

terser@^5.0.0:
  version "5.10.0"
  resolved "https://registry.yarnpkg.com/terser/-/terser-5.10.0.tgz#b86390809c0389105eb0a0b62397563096ddafcc"
  integrity sha512-AMmF99DMfEDiRJfxfY5jj5wNH/bYO09cniSqhfoyxc8sFoYIgkJy86G04UoZU5VjlpnplVu0K6Tx6E9b5+DlHA==
  dependencies:
    commander "^2.20.0"
    source-map "~0.7.2"
    source-map-support "~0.5.20"

typescript@^4.5.2:
  version "4.5.2"
  resolved "https://registry.yarnpkg.com/typescript/-/typescript-4.5.2.tgz#8ac1fba9f52256fdb06fb89e4122fa6a346c2998"
  integrity sha512-5BlMof9H1yGt0P8/WF+wPNw6GfctgGjXp5hkblpyT+8rkASSmkUKMXrxR0Xg8ThVCi/JnHQiKXeBaEwCeQwMFw==

vite@^2.6.14:
  version "2.6.14"
  resolved "https://registry.yarnpkg.com/vite/-/vite-2.6.14.tgz#35c09a15e4df823410819a2a239ab11efb186271"
  integrity sha512-2HA9xGyi+EhY2MXo0+A2dRsqsAG3eFNEVIo12olkWhOmc8LfiM+eMdrXf+Ruje9gdXgvSqjLI9freec1RUM5EA==
  dependencies:
    esbuild "^0.13.2"
    postcss "^8.3.8"
    resolve "^1.20.0"
    rollup "^2.57.0"
  optionalDependencies:
    fsevents "~2.3.2"
